// !$*UTF8*$!
{
	archiveVersion = 1;
	classes = {
	};
	objectVersion = 46;
	objects = {

/* Begin PBXBuildFile section */
		F0456DEA1C48F92900F2C6E6 /* main.cpp in Sources */ = {isa = PBXBuildFile; fileRef = F0456DE91C48F92900F2C6E6 /* main.cpp */; };
/* End PBXBuildFile section */

/* Begin PBXCopyFilesBuildPhase section */
		F0456DE41C48F92900F2C6E6 /* CopyFiles */ = {
			isa = PBXCopyFilesBuildPhase;
			buildActionMask = 2147483647;
			dstPath = /usr/share/man/man1/;
			dstSubfolderSpec = 0;
			files = (
			);
			runOnlyForDeploymentPostprocessing = 1;
		};
/* End PBXCopyFilesBuildPhase section */

/* Begin PBXFileReference section */
		F0456DE61C48F92900F2C6E6 /* bluetooth module by BianApollo */ = {isa = PBXFileReference; explicitFileType = "compiled.mach-o.executable"; includeInIndex = 0; path = "bluetooth module by BianApollo"; sourceTree = BUILT_PRODUCTS_DIR; };
		F0456DE91C48F92900F2C6E6 /* main.cpp */ = {isa = PBXFileReference; lastKnownFileType = sourcecode.cpp.cpp; path = main.cpp; sourceTree = "<group>"; };
/* End PBXFileReference section */

/* Begin PBXFrameworksBuildPhase section */
		F0456DE31C48F92900F2C6E6 /* Frameworks */ = {
			isa = PBXFrameworksBuildPhase;
			buildActionMask = 2147483647;
			files = (
			);
			runOnlyForDeploymentPostprocessing = 0;
		};
/* End PBXFrameworksBuildPhase section */

/* Begin PBXGroup section */
		F0456DDD1C48F92900F2C6E6 = {
			isa = PBXGroup;
			children = (
				F0456DE81C48F92900F2C6E6 /* bluetooth module by BianApollo */,
				F0456DE71C48F92900F2C6E6 /* Products */,
			);
			sourceTree = "<group>";
		};
		F0456DE71C48F92900F2C6E6 /* Products */ = {
			isa = PBXGroup;
			children = (
				F0456DE61C48F92900F2C6E6 /* bluetooth module by BianApollo */,
			);
			name = Products;
			sourceTree = "<group>";
		};
		F0456DE81C48F92900F2C6E6 /* bluetooth module by BianApollo */ = {
			isa = PBXGroup;
			children = (
				F0456DE91C48F92900F2C6E6 /* main.cpp */,
			);
			path = "bluetooth module by BianApollo";
			sourceTree = "<group>";
		};
/* End PBXGroup section */

/* Begin PBXNativeTarget section */
		F0456DE51C48F92900F2C6E6 /* bluetooth module by BianApollo */ = {
			isa = PBXNativeTarget;
			buildConfigurationList = F0456DED1C48F92900F2C6E6 /* Build configuration list for PBXNativeTarget "bluetooth module by BianApollo" */;
			buildPhases = (
				F0456DE21C48F92900F2C6E6 /* Sources */,
				F0456DE31C48F92900F2C6E6 /* Frameworks */,
				F0456DE41C48F92900F2C6E6 /* CopyFiles */,
			);
			buildRules = (
			);
			dependencies = (
			);
			name = "bluetooth module by BianApollo";
			productName = "bluetooth module by BianApollo";
			productReference = F0456DE61C48F92900F2C6E6 /* bluetooth module by BianApollo */;
			productType = "com.apple.product-type.tool";
		};
/* End PBXNativeTarget section */

/* Begin PBXProject section */
		F0456DDE1C48F92900F2C6E6 /* Project object */ = {
			isa = PBXProject;
			attributes = {
				LastUpgradeCheck = 0720;
				ORGANIZATIONNAME = Apollo;
				TargetAttributes = {
					F0456DE51C48F92900F2C6E6 = {
						CreatedOnToolsVersion = 7.2;
					};
				};
			};
			buildConfigurationList = F0456DE11C48F92900F2C6E6 /* Build configuration list for PBXProject "bluetooth module by BianApollo" */;
			compatibilityVersion = "Xcode 3.2";
			developmentRegion = English;
			hasScannedForEncodings = 0;
			knownRegions = (
				en,
			);
			mainGroup = F0456DDD1C48F92900F2C6E6;
			productRefGroup = F0456DE71C48F92900F2C6E6 /* Products */;
			projectDirPath = "";
			projectRoot = "";
			targets = (
				F0456DE51C48F92900F2C6E6 /* bluetooth module by BianApollo */,
			);
		};
/* End PBXProject section */

/* Begin PBXSourcesBuildPhase section */
		F0456DE21C48F92900F2C6E6 /* Sources */ = {
			isa = PBXSourcesBuildPhase;
			buildActionMask = 2147483647;
			files = (
				F0456DEA1C48F92900F2C6E6 /* main.cpp in Sources */,
			);
			runOnlyForDeploymentPostprocessing = 0;
		};
/* End PBXSourcesBuildPhase section */

/* Begin XCBuildConfiguration section */
		F0456DEB1C48F92900F2C6E6 /* Debug */ = {
			isa = XCBuildConfiguration;
			buildSettings = {
				ALWAYS_SEARCH_USER_PATHS = NO;
				CLANG_CXX_LANGUAGE_STANDARD = "gnu++0x";
				CLANG_CXX_LIBRARY = "libc++";
				CLANG_ENABLE_MODULES = YES;
				CLANG_ENABLE_OBJC_ARC = YES;
				CLANG_WARN_BOOL_CONVERSION = YES;
				CLANG_WARN_CONSTANT_CONVERSION = YES;
				CLANG_WARN_DIRECT_OBJC_ISA_USAGE = YES_ERROR;
				CLANG_WARN_EMPTY_BODY = YES;
				CLANG_WARN_ENUM_CONVERSION = YES;
				CLANG_WARN_INT_CONVERSION = YES;
				CLANG_WARN_OBJC_ROOT_CLASS = YES_ERROR;
				CLANG_WARN_UNREACHABLE_CODE = YES;
				CLANG_WARN__DUPLICATE_METHOD_MATCH = YES;
				CODE_SIGN_IDENTITY = "-";
				COPY_PHASE_STRIP = NO;
				DEBUG_INFORMATION_FORMAT = dwarf;
				ENABLE_STRICT_OBJC_MSGSEND = YES;
				ENABLE_TESTABILITY = YES;
				GCC_C_LANGUAGE_STANDARD = gnu99;
				GCC_DYNAMIC_NO_PIC = NO;
				GCC_NO_COMMON_BLOCKS = YES;
				GCC_OPTIMIZATION_LEVEL = 0;
				GCC_PREPROCESSOR_DEFINITIONS = (
					"DEBUG=1",
					"$(inherited)",
				);
				GCC_WARN_64_TO_32_BIT_CONVERSION = YES;
				GCC_WARN_ABOUT_RETURN_TYPE = YES_ERROR;
				GCC_WARN_UNDECLARED_SELECTOR = YES;
				GCC_WARN_UNINITIALIZED_AUTOS = YES_AGGRESSIVE;
				GCC_WARN_UNUSED_FUNCTION = YES;
				GCC_WARN_UNUSED_VARIABLE = YES;
				MACOSX_DEPLOYMENT_TARGET = 10.11;
				MTL_ENABLE_DEBUG_INFO = YES;
				ONLY_ACTIVE_ARCH = YES;
				SDKROOT = macosx;
			};
			name = Debug;
		};
		F0456DEC1C48F92900F2C6E6 /* Release */ = {
			isa = XCBuildConfiguration;
			buildSettings = {
				ALWAYS_SEARCH_USER_PATHS = NO;
				CLANG_CXX_LANGUAGE_STANDARD = "gnu++0x";
				CLANG_CXX_LIBRARY = "libc++";
				CLANG_ENABLE_MODULES = YES;
				CLANG_ENABLE_OBJC_ARC = YES;
				CLANG_WARN_BOOL_CONVERSION = YES;
				CLANG_WARN_CONSTANT_CONVERSION = YES;
				CLANG_WARN_DIRECT_OBJC_ISA_USAGE = YES_ERROR;
				CLANG_WARN_EMPTY_BODY = YES;
				CLANG_WARN_ENUM_CONVERSION = YES;
				CLANG_WARN_INT_CONVERSION = YES;
				CLANG_WARN_OBJC_ROOT_CLASS = YES_ERROR;
				CLANG_WARN_UNREACHABLE_CODE = YES;
				CLANG_WARN__DUPLICATE_METHOD_MATCH = YES;
				CODE_SIGN_IDENTITY = "-";
				COPY_PHASE_STRIP = NO;
				DEBUG_INFORMATION_FORMAT = "dwarf-with-dsym";
				ENABLE_NS_ASSERTIONS = NO;
				ENABLE_STRICT_OBJC_MSGSEND = YES;
				GCC_C_LANGUAGE_STANDARD = gnu99;
				GCC_NO_COMMON_BLOCKS = YES;
				GCC_WARN_64_TO_32_BIT_CONVERSION = YES;
				GCC_WARN_ABOUT_RETURN_TYPE = YES_ERROR;
				GCC_WARN_UNDECLARED_SELECTOR = YES;
				GCC_WARN_UNINITIALIZED_AUTOS = YES_AGGRESSIVE;
				GCC_WARN_UNUSED_FUNCTION = YES;
				GCC_WARN_UNUSED_VARIABLE = YES;
				MACOSX_DEPLOYMENT_TARGET = 10.11;
				MTL_ENABLE_DEBUG_INFO = NO;
				SDKROOT = macosx;
			};
			name = Release;
		};
		F0456DEE1C48F92900F2C6E6 /* Debug */ = {
			isa = XCBuildConfiguration;
			buildSettings = {
				PRODUCT_NAME = "$(TARGET_NAME)";
			};
			name = Debug;
		};
		F0456DEF1C48F92900F2C6E6 /* Release */ = {
			isa = XCBuildConfiguration;
			buildSettings = {
				PRODUCT_NAME = "$(TARGET_NAME)";
			};
			name = Release;
		};
/* End XCBuildConfiguration section */

/* Begin XCConfigurationList section */
		F0456DE11C48F92900F2C6E6 /* Build configuration list for PBXProject "bluetooth module by BianApollo" */ = {
			isa = XCConfigurationList;
			buildConfigurations = (
				F0456DEB1C48F92900F2C6E6 /* Debug */,
				F0456DEC1C48F92900F2C6E6 /* Release */,
			);
			defaultConfigurationIsVisible = 0;
			defaultConfigurationName = Release;
		};
		F0456DED1C48F92900F2C6E6 /* Build configuration list for PBXNativeTarget "bluetooth module by BianApollo" */ = {
			isa = XCConfigurationList;
			buildConfigurations = (
				F0456DEE1C48F92900F2C6E6 /* Debug */,
				F0456DEF1C48F92900F2C6E6 /* Release */,
			);
			defaultConfigurationIsVisible = 0;
		};
/* End XCConfigurationList section */
	};
	rootObject = F0456DDE1C48F92900F2C6E6 /* Project object */;
}
